
Microsoft Visual Studio Solution File, Format Version 12.00
# Visual Studio Version 17
VisualStudioVersion = 17.14.36301.6 d17.14
MinimumVisualStudioVersion = 10.0.40219.1
Project("{FAE04EC0-301F-11D3-BF4B-00C04F79EFBC}") = "CarrerLink", "CarrerLink\CarrerLink.csproj", "{5587AF57-5F00-440D-80A0-3A79C2038F8D}"
EndProject
Global
	GlobalSection(SolutionConfigurationPlatforms) = preSolution
		Debug|Any CPU = Debug|Any CPU
		Release|Any CPU = Release|Any CPU
	EndGlobalSection
	GlobalSection(ProjectConfigurationPlatforms) = postSolution
		{5587AF57-5F00-440D-80A0-3A79C2038F8D}.Debug|Any CPU.ActiveCfg = Debug|Any CPU
		{5587AF57-5F00-440D-80A0-3A79C2038F8D}.Debug|Any CPU.Build.0 = Debug|Any CPU
		{5587AF57-5F00-440D-80A0-3A79C2038F8D}.Release|Any CPU.ActiveCfg = Release|Any CPU
		{5587AF57-5F00-440D-80A0-3A79C2038F8D}.Release|Any CPU.Build.0 = Release|Any CPU
	EndGlobalSection
	GlobalSection(SolutionProperties) = preSolution
		HideSolutionNode = FALSE
	EndGlobalSection
	GlobalSection(ExtensibilityGlobals) = postSolution
		SolutionGuid = {B564A926-ED4A-4444-8F1B-59EC06497DE8}
	EndGlobalSection
EndGlobal
